schema=phonecode-misul-source-lock-v1
source_manifest_sha256=588e6f99e0baa1c4e7df6045eb166769fc7c093bcf6d7203b6d20b3ad176dd77
artifact=libmisul.so
artifact_sha256=b43a70949c5d14dc2726d7e9374684e0e08cee903d58d0eda27c8c618a37bd02
artifact_bytes=2878136
abi=arm64-v8a
android_api=26
exports=misul_android_abi_version,misul_android_buffer_free,misul_android_close,misul_android_host_response,misul_android_next_event,misul_android_open,misul_android_request
